// !$*UTF8*$!
{
	archiveVersion = 1;
	classes = {
	};
	objectVersion = 56;
	objects = {

/* Begin PBXBuildFile section */
		A10001 /* BeamApp.swift in Sources */ = {isa = PBXBuildFile; fileRef = B10001; };
		A10002 /* AppDelegate.swift in Sources */ = {isa = PBXBuildFile; fileRef = B10002; };
		A10003 /* SearchResult.swift in Sources */ = {isa = PBXBuildFile; fileRef = B10003; };
		A10004 /* HotkeyManager.swift in Sources */ = {isa = PBXBuildFile; fileRef = B10004; };
		A10005 /* MathEvaluator.swift in Sources */ = {isa = PBXBuildFile; fileRef = B10005; };
		A10006 /* AppSearcher.swift in Sources */ = {isa = PBXBuildFile; fileRef = B10006; };
		A10007 /* ContactSearcher.swift in Sources */ = {isa = PBXBuildFile; fileRef = B10007; };
		A10008 /* FileSearcher.swift in Sources */ = {isa = PBXBuildFile; fileRef = B10008; };
		A10009 /* SearchCoordinator.swift in Sources */ = {isa = PBXBuildFile; fileRef = B10009; };
		A10010 /* BeamPanel.swift in Sources */ = {isa = PBXBuildFile; fileRef = B10010; };
		A10011 /* SearchBarView.swift in Sources */ = {isa = PBXBuildFile; fileRef = B10011; };
		A10012 /* SearchResultRow.swift in Sources */ = {isa = PBXBuildFile; fileRef = B10012; };
		A10013 /* ResultsListView.swift in Sources */ = {isa = PBXBuildFile; fileRef = B10013; };
		A10014 /* BeamContentView.swift in Sources */ = {isa = PBXBuildFile; fileRef = B10014; };
		A10015 /* KeyEventHandler.swift in Sources */ = {isa = PBXBuildFile; fileRef = B10015; };
		A10016 /* Assets.xcassets in Resources */ = {isa = PBXBuildFile; fileRef = B10016; };
		A10017 /* SettingsManager.swift in Sources */ = {isa = PBXBuildFile; fileRef = B10018; };
		A10018 /* CalendarSearcher.swift in Sources */ = {isa = PBXBuildFile; fileRef = B10019; };
		A10019 /* SettingsView.swift in Sources */ = {isa = PBXBuildFile; fileRef = B10020; };
		A10020 /* ObjCExceptionCatcher.m in Sources */ = {isa = PBXBuildFile; fileRef = B10021; };
		A10021 /* ShortcutSearcher.swift in Sources */ = {isa = PBXBuildFile; fileRef = B10024; };
		A10022 /* DictionarySearcher.swift in Sources */ = {isa = PBXBuildFile; fileRef = B10025; };
		A10023 /* EmojiSearcher.swift in Sources */ = {isa = PBXBuildFile; fileRef = B10026; };
		A10024 /* TimeZoneSearcher.swift in Sources */ = {isa = PBXBuildFile; fileRef = B10027; };
		A10025 /* HistoryManager.swift in Sources */ = {isa = PBXBuildFile; fileRef = B10028; };
		A10026 /* EmojiGridView.swift in Sources */ = {isa = PBXBuildFile; fileRef = B10029; };
		A10027 /* OllamaSearcher.swift in Sources */ = {isa = PBXBuildFile; fileRef = B10030; };
		A10028 /* ChatView.swift in Sources */ = {isa = PBXBuildFile; fileRef = B10031; };
		A10029 /* Sparkle in Frameworks */ = {isa = PBXBuildFile; productRef = SP0001 /* Sparkle */; };
		A10030 /* UpdatesView.swift in Sources */ = {isa = PBXBuildFile; fileRef = B10032; };
/* End PBXBuildFile section */

/* Begin PBXFileReference section */
		B10001 /* BeamApp.swift */ = {isa = PBXFileReference; lastKnownFileType = sourcecode.swift; path = BeamApp.swift; sourceTree = "<group>"; };
		B10002 /* AppDelegate.swift */ = {isa = PBXFileReference; lastKnownFileType = sourcecode.swift; path = AppDelegate.swift; sourceTree = "<group>"; };
		B10003 /* SearchResult.swift */ = {isa = PBXFileReference; lastKnownFileType = sourcecode.swift; path = SearchResult.swift; sourceTree = "<group>"; };
		B10004 /* HotkeyManager.swift */ = {isa = PBXFileReference; lastKnownFileType = sourcecode.swift; path = HotkeyManager.swift; sourceTree = "<group>"; };
		B10005 /* MathEvaluator.swift */ = {isa = PBXFileReference; lastKnownFileType = sourcecode.swift; path = MathEvaluator.swift; sourceTree = "<group>"; };
		B10006 /* AppSearcher.swift */ = {isa = PBXFileReference; lastKnownFileType = sourcecode.swift; path = AppSearcher.swift; sourceTree = "<group>"; };
		B10007 /* ContactSearcher.swift */ = {isa = PBXFileReference; lastKnownFileType = sourcecode.swift; path = ContactSearcher.swift; sourceTree = "<group>"; };
		B10008 /* FileSearcher.swift */ = {isa = PBXFileReference; lastKnownFileType = sourcecode.swift; path = FileSearcher.swift; sourceTree = "<group>"; };
		B10009 /* SearchCoordinator.swift */ = {isa = PBXFileReference; lastKnownFileType = sourcecode.swift; path = SearchCoordinator.swift; sourceTree = "<group>"; };
		B10010 /* BeamPanel.swift */ = {isa = PBXFileReference; lastKnownFileType = sourcecode.swift; path = BeamPanel.swift; sourceTree = "<group>"; };
		B10011 /* SearchBarView.swift */ = {isa = PBXFileReference; lastKnownFileType = sourcecode.swift; path = SearchBarView.swift; sourceTree = "<group>"; };
		B10012 /* SearchResultRow.swift */ = {isa = PBXFileReference; lastKnownFileType = sourcecode.swift; path = SearchResultRow.swift; sourceTree = "<group>"; };
		B10013 /* ResultsListView.swift */ = {isa = PBXFileReference; lastKnownFileType = sourcecode.swift; path = ResultsListView.swift; sourceTree = "<group>"; };
		B10014 /* BeamContentView.swift */ = {isa = PBXFileReference; lastKnownFileType = sourcecode.swift; path = BeamContentView.swift; sourceTree = "<group>"; };
		B10015 /* KeyEventHandler.swift */ = {isa = PBXFileReference; lastKnownFileType = sourcecode.swift; path = KeyEventHandler.swift; sourceTree = "<group>"; };
		B10016 /* Assets.xcassets */ = {isa = PBXFileReference; lastKnownFileType = folder.assetcatalog; path = Assets.xcassets; sourceTree = "<group>"; };
		B10017 /* Beam.entitlements */ = {isa = PBXFileReference; lastKnownFileType = text.plist.entitlements; path = Beam.entitlements; sourceTree = "<group>"; };
		B10018 /* SettingsManager.swift */ = {isa = PBXFileReference; lastKnownFileType = sourcecode.swift; path = SettingsManager.swift; sourceTree = "<group>"; };
		B10019 /* CalendarSearcher.swift */ = {isa = PBXFileReference; lastKnownFileType = sourcecode.swift; path = CalendarSearcher.swift; sourceTree = "<group>"; };
		B10020 /* SettingsView.swift */ = {isa = PBXFileReference; lastKnownFileType = sourcecode.swift; path = SettingsView.swift; sourceTree = "<group>"; };
		B10021 /* ObjCExceptionCatcher.m */ = {isa = PBXFileReference; lastKnownFileType = sourcecode.c.objc; path = ObjCExceptionCatcher.m; sourceTree = "<group>"; };
		B10022 /* ObjCExceptionCatcher.h */ = {isa = PBXFileReference; lastKnownFileType = sourcecode.c.h; path = ObjCExceptionCatcher.h; sourceTree = "<group>"; };
		B10023 /* Beam-Bridging-Header.h */ = {isa = PBXFileReference; lastKnownFileType = sourcecode.c.h; path = "Beam-Bridging-Header.h"; sourceTree = "<group>"; };
		B10024 /* ShortcutSearcher.swift */ = {isa = PBXFileReference; lastKnownFileType = sourcecode.swift; path = ShortcutSearcher.swift; sourceTree = "<group>"; };
		B10025 /* DictionarySearcher.swift */ = {isa = PBXFileReference; lastKnownFileType = sourcecode.swift; path = DictionarySearcher.swift; sourceTree = "<group>"; };
		B10026 /* EmojiSearcher.swift */ = {isa = PBXFileReference; lastKnownFileType = sourcecode.swift; path = EmojiSearcher.swift; sourceTree = "<group>"; };
		B10027 /* TimeZoneSearcher.swift */ = {isa = PBXFileReference; lastKnownFileType = sourcecode.swift; path = TimeZoneSearcher.swift; sourceTree = "<group>"; };
		B10028 /* HistoryManager.swift */ = {isa = PBXFileReference; lastKnownFileType = sourcecode.swift; path = HistoryManager.swift; sourceTree = "<group>"; };
		B10029 /* EmojiGridView.swift */ = {isa = PBXFileReference; lastKnownFileType = sourcecode.swift; path = EmojiGridView.swift; sourceTree = "<group>"; };
		B10030 /* OllamaSearcher.swift */ = {isa = PBXFileReference; lastKnownFileType = sourcecode.swift; path = OllamaSearcher.swift; sourceTree = "<group>"; };
		B10031 /* ChatView.swift */ = {isa = PBXFileReference; lastKnownFileType = sourcecode.swift; path = ChatView.swift; sourceTree = "<group>"; };
		B10032 /* UpdatesView.swift */ = {isa = PBXFileReference; lastKnownFileType = sourcecode.swift; path = UpdatesView.swift; sourceTree = "<group>"; };
		P10001 /* Beam.app */ = {isa = PBXFileReference; explicitFileType = wrapper.application; includeInIndex = 0; path = Beam.app; sourceTree = BUILT_PRODUCTS_DIR; };
/* End PBXFileReference section */

/* Begin PBXFrameworksBuildPhase section */
		F10001 /* Frameworks */ = {
			isa = PBXFrameworksBuildPhase;
			buildActionMask = 2147483647;
			files = (
				A10029 /* Sparkle in Frameworks */,
			);
			runOnlyForDeploymentPostprocessing = 0;
		};
/* End PBXFrameworksBuildPhase section */

/* Begin PBXGroup section */
		G10001 /* Root */ = {
			isa = PBXGroup;
			children = (
				G10002 /* Beam */,
				G10009 /* Products */,
			);
			sourceTree = "<group>";
		};
		G10002 /* Beam */ = {
			isa = PBXGroup;
			children = (
				G10003 /* App */,
				G10004 /* Models */,
				G10005 /* Services */,
				G10006 /* Views */,
				G10007 /* Utilities */,
				G10008 /* Resources */,
				B10017 /* Beam.entitlements */,
			);
			path = Beam;
			sourceTree = "<group>";
		};
		G10003 /* App */ = {
			isa = PBXGroup;
			children = (
				B10001 /* BeamApp.swift */,
				B10002 /* AppDelegate.swift */,
			);
			path = App;
			sourceTree = "<group>";
		};
		G10004 /* Models */ = {
			isa = PBXGroup;
			children = (
				B10003 /* SearchResult.swift */,
			);
			path = Models;
			sourceTree = "<group>";
		};
		G10005 /* Services */ = {
			isa = PBXGroup;
			children = (
				B10004 /* HotkeyManager.swift */,
				B10005 /* MathEvaluator.swift */,
				B10006 /* AppSearcher.swift */,
				B10007 /* ContactSearcher.swift */,
				B10008 /* FileSearcher.swift */,
				B10009 /* SearchCoordinator.swift */,
				B10018 /* SettingsManager.swift */,
				B10019 /* CalendarSearcher.swift */,
				B10024 /* ShortcutSearcher.swift */,
				B10025 /* DictionarySearcher.swift */,
				B10026 /* EmojiSearcher.swift */,
				B10027 /* TimeZoneSearcher.swift */,
				B10028 /* HistoryManager.swift */,
				B10030 /* OllamaSearcher.swift */,
			);
			path = Services;
			sourceTree = "<group>";
		};
		G10006 /* Views */ = {
			isa = PBXGroup;
			children = (
				B10010 /* BeamPanel.swift */,
				B10011 /* SearchBarView.swift */,
				B10012 /* SearchResultRow.swift */,
				B10013 /* ResultsListView.swift */,
				B10014 /* BeamContentView.swift */,
				B10020 /* SettingsView.swift */,
				B10029 /* EmojiGridView.swift */,
				B10031 /* ChatView.swift */,
				B10032 /* UpdatesView.swift */,
			);
			path = Views;
			sourceTree = "<group>";
		};
		G10007 /* Utilities */ = {
			isa = PBXGroup;
			children = (
				B10015 /* KeyEventHandler.swift */,
				B10021 /* ObjCExceptionCatcher.m */,
				B10022 /* ObjCExceptionCatcher.h */,
				B10023 /* Beam-Bridging-Header.h */,
			);
			path = Utilities;
			sourceTree = "<group>";
		};
		G10008 /* Resources */ = {
			isa = PBXGroup;
			children = (
				B10016 /* Assets.xcassets */,
			);
			path = Resources;
			sourceTree = "<group>";
		};
		G10009 /* Products */ = {
			isa = PBXGroup;
			children = (
				P10001 /* Beam.app */,
			);
			name = Products;
			sourceTree = "<group>";
		};
/* End PBXGroup section */

/* Begin PBXNativeTarget section */
		T10001 /* Beam */ = {
			isa = PBXNativeTarget;
			buildConfigurationList = C10003 /* Build configuration list for PBXNativeTarget "Beam" */;
			buildPhases = (
				S10001 /* Sources */,
				F10001 /* Frameworks */,
				R10001 /* Resources */,
				RS0001 /* Embed & Sign Sparkle */,
			);
			buildRules = (
			);
			dependencies = (
			);
			name = Beam;
			packageProductDependencies = (
				SP0001 /* Sparkle */,
			);
			productName = Beam;
			productReference = P10001 /* Beam.app */;
			productType = "com.apple.product-type.application";
		};
/* End PBXNativeTarget section */

/* Begin PBXProject section */
		PR0001 /* Project object */ = {
			isa = PBXProject;
			attributes = {
				BuildIndependentTargetsInParallel = 1;
				LastSwiftUpdateCheck = 1600;
				LastUpgradeCheck = 1600;
				TargetAttributes = {
					T10001 = {
						CreatedOnToolsVersion = 16.0;
					};
				};
			};
			buildConfigurationList = C10001 /* Build configuration list for PBXProject "Beam" */;
			compatibilityVersion = "Xcode 14.0";
			developmentRegion = en;
			hasScannedForEncodings = 0;
			knownRegions = (
				en,
				Base,
			);
			mainGroup = G10001;
			packageReferences = (
				SPR0001 /* XCRemoteSwiftPackageReference "Sparkle" */,
			);
			productRefGroup = G10009 /* Products */;
			projectDirPath = "";
			projectRoot = "";
			targets = (
				T10001 /* Beam */,
			);
		};
/* End PBXProject section */

/* Begin XCRemoteSwiftPackageReference section */
		SPR0001 /* XCRemoteSwiftPackageReference "Sparkle" */ = {
			isa = XCRemoteSwiftPackageReference;
			repositoryURL = "https://github.com/sparkle-project/Sparkle";
			requirement = {
				kind = upToNextMajorVersion;
				minimumVersion = 2.0.0;
			};
		};
/* End XCRemoteSwiftPackageReference section */

/* Begin XCSwiftPackageProductDependency section */
		SP0001 /* Sparkle */ = {
			isa = XCSwiftPackageProductDependency;
			package = SPR0001 /* XCRemoteSwiftPackageReference "Sparkle" */;
			productName = Sparkle;
		};
/* End XCSwiftPackageProductDependency section */

/* Begin PBXResourcesBuildPhase section */
		R10001 /* Resources */ = {
			isa = PBXResourcesBuildPhase;
			buildActionMask = 2147483647;
			files = (
				A10016 /* Assets.xcassets in Resources */,
			);
			runOnlyForDeploymentPostprocessing = 0;
		};
/* End PBXResourcesBuildPhase section */

/* Begin PBXShellScriptBuildPhase section */
		RS0001 /* Embed & Sign Sparkle */ = {
			isa = PBXShellScriptBuildPhase;
			alwaysOutOfDate = 1;
			buildActionMask = 2147483647;
			files = (
			);
			inputPaths = (
			);
			name = "Embed & Sign Sparkle";
			outputPaths = (
			);
			runOnlyForDeploymentPostprocessing = 0;
			shellPath = /bin/sh;
			shellScript = "\"$SRCROOT/scripts/embed_sparkle.sh\"\n";
		};
/* End PBXShellScriptBuildPhase section */

/* Begin PBXSourcesBuildPhase section */
		S10001 /* Sources */ = {
			isa = PBXSourcesBuildPhase;
			buildActionMask = 2147483647;
			files = (
				A10001 /* BeamApp.swift in Sources */,
				A10002 /* AppDelegate.swift in Sources */,
				A10003 /* SearchResult.swift in Sources */,
				A10004 /* HotkeyManager.swift in Sources */,
				A10005 /* MathEvaluator.swift in Sources */,
				A10006 /* AppSearcher.swift in Sources */,
				A10007 /* ContactSearcher.swift in Sources */,
				A10008 /* FileSearcher.swift in Sources */,
				A10009 /* SearchCoordinator.swift in Sources */,
				A10010 /* BeamPanel.swift in Sources */,
				A10011 /* SearchBarView.swift in Sources */,
				A10012 /* SearchResultRow.swift in Sources */,
				A10013 /* ResultsListView.swift in Sources */,
				A10014 /* BeamContentView.swift in Sources */,
				A10015 /* KeyEventHandler.swift in Sources */,
				A10017 /* SettingsManager.swift in Sources */,
				A10018 /* CalendarSearcher.swift in Sources */,
				A10019 /* SettingsView.swift in Sources */,
				A10020 /* ObjCExceptionCatcher.m in Sources */,
				A10021 /* ShortcutSearcher.swift in Sources */,
				A10022 /* DictionarySearcher.swift in Sources */,
				A10023 /* EmojiSearcher.swift in Sources */,
				A10024 /* TimeZoneSearcher.swift in Sources */,
				A10025 /* HistoryManager.swift in Sources */,
				A10026 /* EmojiGridView.swift in Sources */,
				A10027 /* OllamaSearcher.swift in Sources */,
				A10028 /* ChatView.swift in Sources */,
				A10030 /* UpdatesView.swift in Sources */,
			);
			runOnlyForDeploymentPostprocessing = 0;
		};
/* End PBXSourcesBuildPhase section */

/* Begin XCBuildConfiguration section */
		C10D01 /* Debug */ = {
			isa = XCBuildConfiguration;
			buildSettings = {
				ALWAYS_SEARCH_USER_PATHS = NO;
				ASSETCATALOG_COMPILER_GENERATE_SWIFT_ASSET_SYMBOL_EXTENSIONS = YES;
				CLANG_ANALYZER_NONNULL = YES;
				CLANG_CXX_LANGUAGE_STANDARD = "gnu++20";
				CLANG_ENABLE_MODULES = YES;
				CLANG_ENABLE_OBJC_ARC = YES;
				COPY_PHASE_STRIP = NO;
				DEBUG_INFORMATION_FORMAT = dwarf;
				ENABLE_STRICT_OBJC_MSGSEND = YES;
				ENABLE_TESTABILITY = YES;
				GCC_DYNAMIC_NO_PIC = NO;
				GCC_OPTIMIZATION_LEVEL = 0;
				GCC_PREPROCESSOR_DEFINITIONS = (
					"DEBUG=1",
					"$(inherited)",
				);
				GCC_WARN_64_TO_32_BIT_CONVERSION = YES;
				GCC_WARN_ABOUT_RETURN_TYPE = YES_ERROR;
				GCC_WARN_UNDECLARED_SELECTOR = YES;
				GCC_WARN_UNINITIALIZED_AUTOS = YES_AGGRESSIVE;
				GCC_WARN_UNUSED_FUNCTION = YES;
				GCC_WARN_UNUSED_VARIABLE = YES;
				MACOSX_DEPLOYMENT_TARGET = 14.0;
				MTL_ENABLE_DEBUG_INFO = INCLUDE_SOURCE;
				MTL_FAST_MATH = YES;
				ONLY_ACTIVE_ARCH = YES;
				SDKROOT = macosx;
				SWIFT_ACTIVE_COMPILATION_CONDITIONS = "DEBUG $(inherited)";
				SWIFT_OPTIMIZATION_LEVEL = "-Onone";
			};
			name = Debug;
		};
		C10R01 /* Release */ = {
			isa = XCBuildConfiguration;
			buildSettings = {
				ALWAYS_SEARCH_USER_PATHS = NO;
				ASSETCATALOG_COMPILER_GENERATE_SWIFT_ASSET_SYMBOL_EXTENSIONS = YES;
				CLANG_ANALYZER_NONNULL = YES;
				CLANG_CXX_LANGUAGE_STANDARD = "gnu++20";
				CLANG_ENABLE_MODULES = YES;
				CLANG_ENABLE_OBJC_ARC = YES;
				COPY_PHASE_STRIP = NO;
				DEBUG_INFORMATION_FORMAT = "dwarf-with-dsym";
				ENABLE_NS_ASSERTIONS = NO;
				ENABLE_STRICT_OBJC_MSGSEND = YES;
				GCC_WARN_64_TO_32_BIT_CONVERSION = YES;
				GCC_WARN_ABOUT_RETURN_TYPE = YES_ERROR;
				GCC_WARN_UNDECLARED_SELECTOR = YES;
				GCC_WARN_UNINITIALIZED_AUTOS = YES_AGGRESSIVE;
				GCC_WARN_UNUSED_FUNCTION = YES;
				GCC_WARN_UNUSED_VARIABLE = YES;
				MACOSX_DEPLOYMENT_TARGET = 14.0;
				MTL_FAST_MATH = YES;
				SDKROOT = macosx;
				SWIFT_COMPILATION_MODE = wholemodule;
			};
			name = Release;
		};
		C10D02 /* Debug */ = {
			isa = XCBuildConfiguration;
			buildSettings = {
				ASSETCATALOG_COMPILER_APPICON_NAME = AppIcon;
				ASSETCATALOG_COMPILER_GLOBAL_ACCENT_COLOR_NAME = AccentColor;
				CODE_SIGN_ENTITLEMENTS = Beam/Beam.entitlements;
				CODE_SIGN_STYLE = Automatic;
				COMBINE_HIDPI_IMAGES = YES;
				CURRENT_PROJECT_VERSION = 5;
				DEVELOPMENT_TEAM = VWR39LZW5M;
				ENABLE_HARDENED_RUNTIME = YES;
				GENERATE_INFOPLIST_FILE = NO;
				INFOPLIST_FILE = Beam/Info.plist;
				LD_RUNPATH_SEARCH_PATHS = (
					"$(inherited)",
					"@executable_path/../Frameworks",
				);
				MARKETING_VERSION = 1.0.4;
				PRODUCT_BUNDLE_IDENTIFIER = com.DNZ.beam;
				PRODUCT_NAME = "$(TARGET_NAME)";
				SWIFT_EMIT_LOC_STRINGS = YES;
				SWIFT_OBJC_BRIDGING_HEADER = "Beam/Utilities/Beam-Bridging-Header.h";
				SWIFT_VERSION = 5.0;
			};
			name = Debug;
		};
		C10R02 /* Release */ = {
			isa = XCBuildConfiguration;
			buildSettings = {
				ASSETCATALOG_COMPILER_APPICON_NAME = AppIcon;
				ASSETCATALOG_COMPILER_GLOBAL_ACCENT_COLOR_NAME = AccentColor;
				CODE_SIGN_ENTITLEMENTS = Beam/Beam.entitlements;
				CODE_SIGN_STYLE = Automatic;
				COMBINE_HIDPI_IMAGES = YES;
				CURRENT_PROJECT_VERSION = 5;
				DEVELOPMENT_TEAM = VWR39LZW5M;
				ENABLE_HARDENED_RUNTIME = YES;
				GENERATE_INFOPLIST_FILE = NO;
				INFOPLIST_FILE = Beam/Info.plist;
				LD_RUNPATH_SEARCH_PATHS = (
					"$(inherited)",
					"@executable_path/../Frameworks",
				);
				MARKETING_VERSION = 1.0.4;
				PRODUCT_BUNDLE_IDENTIFIER = com.DNZ.beam;
				PRODUCT_NAME = "$(TARGET_NAME)";
				SWIFT_EMIT_LOC_STRINGS = YES;
				SWIFT_OBJC_BRIDGING_HEADER = "Beam/Utilities/Beam-Bridging-Header.h";
				SWIFT_VERSION = 5.0;
			};
			name = Release;
		};
/* End XCBuildConfiguration section */

/* Begin XCConfigurationList section */
		C10001 /* Build configuration list for PBXProject "Beam" */ = {
			isa = XCConfigurationList;
			buildConfigurations = (
				C10D01 /* Debug */,
				C10R01 /* Release */,
			);
			defaultConfigurationIsVisible = 0;
			defaultConfigurationName = Release;
		};
		C10003 /* Build configuration list for PBXNativeTarget "Beam" */ = {
			isa = XCConfigurationList;
			buildConfigurations = (
				C10D02 /* Debug */,
				C10R02 /* Release */,
			);
			defaultConfigurationIsVisible = 0;
			defaultConfigurationName = Release;
		};
/* End XCConfigurationList section */

	};
	rootObject = PR0001 /* Project object */;
}
